{
  "version": "2",
  "remote": {
    "https://deno.land/std@0.178.0/fmt/colors.ts": "938c5d44d889fb82eff6c358bea8baa7e85950a16c9f6dae3ec3a7a729164471",
    "https://deno.land/std@0.178.0/http/http_status.ts": "8a7bcfe3ac025199ad804075385e57f63d055b2aed539d943ccc277616d6f932",
    "https://deno.land/std@0.178.0/testing/_diff.ts": "1a3c044aedf77647d6cac86b798c6417603361b66b54c53331b312caeb447aea",
    "https://deno.land/std@0.178.0/testing/_format.ts": "a69126e8a469009adf4cf2a50af889aca364c349797e63174884a52ff75cf4c7",
    "https://deno.land/std@0.178.0/testing/asserts.ts": "984ab0bfb3faeed92ffaa3a6b06536c66811185328c5dd146257c702c41b01ab",
    "https://deno.land/std@0.180.0/fmt/colors.ts": "938c5d44d889fb82eff6c358bea8baa7e85950a16c9f6dae3ec3a7a729164471",
    "https://deno.land/std@0.180.0/http/_negotiation/common.ts": "14d1a52427ab258a4b7161cd80e1d8a207b7cc64b46e911780f57ead5f4323c6",
    "https://deno.land/std@0.180.0/http/_negotiation/encoding.ts": "ff747d107277c88cb7a6a62a08eeb8d56dad91564cbcccb30694d5dc126dcc53",
    "https://deno.land/std@0.180.0/http/_negotiation/language.ts": "7bcddd8db3330bdb7ce4fc00a213c5547c1968139864201efd67ef2d0d51887d",
    "https://deno.land/std@0.180.0/http/_negotiation/media_type.ts": "58847517cd549384ad677c0fe89e0a4815be36fe7a303ea63cee5f6a1d7e1692",
    "https://deno.land/std@0.180.0/http/negotiation.ts": "32761c921afa7847cf767fe81c81785721abccc0db0fc51c7ec2a45868b4ee4a",
    "https://deno.land/std@0.180.0/media_types/_db.ts": "7606d83e31f23ce1a7968cbaee852810c2cf477903a095696cdc62eaab7ce570",
    "https://deno.land/std@0.180.0/media_types/_util.ts": "916efbd30b6148a716f110e67a4db29d6949bf4048997b754415dd7e42c52378",
    "https://deno.land/std@0.180.0/media_types/content_type.ts": "c682589a0aeb016bfed355cc1ed6fbb3ead2ea48fc0000ac5de6a5730613ad1c",
    "https://deno.land/std@0.180.0/media_types/extension.ts": "7a4ef2813d7182f724a941f38161525996e4a67abc3cf6a0f9bc2168d73a0f0e",
    "https://deno.land/std@0.180.0/media_types/extensions_by_type.ts": "4358023feac696e6e9d49c0f1e76a859f03ca254df57812f31f8536890c3a443",
    "https://deno.land/std@0.180.0/media_types/format_media_type.ts": "1e35e16562e5c417401ffc388a9f8f421f97f0ee06259cbe990c51bae4e6c7a8",
    "https://deno.land/std@0.180.0/media_types/get_charset.ts": "8be15a1fd31a545736b91ace56d0e4c66ea0d7b3fdc5c90760e8202e7b4b1fad",
    "https://deno.land/std@0.180.0/media_types/mod.ts": "d3f0b99f85053bc0b98ecc24eaa3546dfa09b856dc0bbaf60d8956d2cdd710c8",
    "https://deno.land/std@0.180.0/media_types/parse_media_type.ts": "bed260d868ea271445ae41d748e7afed9b5a7f407d2777ead08cecf73e9278de",
    "https://deno.land/std@0.180.0/media_types/type_by_extension.ts": "6076a7fc63181d70f92ec582fdea2c927eb2cfc7f9c9bee9d6add2aca86f2355",
    "https://deno.land/std@0.180.0/media_types/vendor/mime-db.v1.52.0.ts": "6925bbcae81ca37241e3f55908d0505724358cda3384eaea707773b2c7e99586",
    "https://deno.land/std@0.180.0/testing/_diff.ts": "1a3c044aedf77647d6cac86b798c6417603361b66b54c53331b312caeb447aea",
    "https://deno.land/std@0.180.0/testing/_format.ts": "a69126e8a469009adf4cf2a50af889aca364c349797e63174884a52ff75cf4c7",
    "https://deno.land/std@0.180.0/testing/_test_suite.ts": "30f018feeb3835f12ab198d8a518f9089b1bcb2e8c838a8b615ab10d5005465c",
    "https://deno.land/std@0.180.0/testing/asserts.ts": "984ab0bfb3faeed92ffaa3a6b06536c66811185328c5dd146257c702c41b01ab",
    "https://deno.land/std@0.180.0/testing/bdd.ts": "c5ca6d85940dbcc19b4d2bc3608d49ab65d81470aa91306d5efa4b0d5c945731",
    "https://deno.land/std@0.180.0/testing/mock.ts": "220ed9b8151cb2cac141043d4cfea7c47673fab5d18d1c1f0943297c8afb5d13",
    "https://deno.land/x/http_header_db@1.0.0-beta.1/db.json": "1e80734d199d7cc6749af4ac0de2f5fb815e4707666a83d2272022e201ab9510",
    "https://deno.land/x/http_middleware@1.0.0/mod.ts": "a3b0809ce37f80568c362003a5b281564882b64dba53e12bf5a8f1e2b6bfc19e",
    "https://deno.land/x/http_middleware@1.0.0/types.ts": "9a40ebea7f906d7518f5765c7a633f5610ac4ebedb583b0c69395643c350f4d3",
    "https://deno.land/x/http_utils@1.0.0-beta.13/deps.ts": "b9618bd45a7d93f6c397b7e15b8a1dfd45457c3d185217bc24fb6c48b07ebf19",
    "https://deno.land/x/http_utils@1.0.0-beta.13/header.ts": "0bb161dc8fd31322da7b84e90ca9213fcf98b0a43767bee933bd7f208b719dff",
    "https://deno.land/x/http_utils@1.0.0-beta.13/response.ts": "f8b74d04e4f227d7e31ac96b1f3b916238f7b5c7615a7e475430fe9c45c8728e",
    "https://deno.land/x/isx@1.0.0-beta.24/dates.ts": "7db2683da8d3c86ada3d8cbccbedd8ed0c81f7cc8be63001c18a4677f3ef325f",
    "https://deno.land/x/isx@1.0.0-beta.24/mod.ts": "edc3ecd7a38c2ab983362113ea9feb1603e382c4cbdfaad9ffe619bba570c9eb",
    "https://deno.land/x/isx@1.0.0-beta.24/numbers.ts": "f268acd1abfd87ac03251ed990b64d2ed48ec3f30e7ae0b4d42a8c45dd13db3d",
    "https://deno.land/x/isx@1.0.0-beta.24/object.ts": "5db91aee7a43c52ab83e9fdc65378f40de7e4fb2616fec9a8022bb742720f64b",
    "https://deno.land/x/isx@1.0.0-beta.24/strings.ts": "9893f0cd45965d33590ddbf9ec3dd10ac8055dfdd0d725bca04faa89c200d982",
    "https://deno.land/x/isx@1.0.0-beta.24/top_types.ts": "06f5a2b201019b48c6066631428d5d2a5a267b4aa663bb43301e29a6b8b9e7be",
    "https://deno.land/x/prelude_js@1.0.0-beta.2/deps.ts": "8a8002b53623cfbf38b95ec23802f0580634546f3cc65875251ba80e28fe64aa",
    "https://deno.land/x/prelude_js@1.0.0-beta.2/mod.ts": "b9795ef8d664f0d061e80c0788f7b13370f6cb6be7aaa4386f3ae10bc3cc7e96",
    "https://deno.land/x/prelude_js@1.0.0-beta.2/multiary.ts": "afd3991456cea084bc2f995bd56b780c358ceff9c1f292ab7dfa5496af5172a8",
    "https://deno.land/x/prelude_js@1.0.0-beta.2/unary.ts": "b79963a09af544cdbf81caf341fb25887a453670455a0808ce8c595bec4cc7e1",
    "https://deno.land/x/vary@1.0.0/mod.ts": "e7c452694b21336419f16e0891f8ea503adaafc7bde956fb29e1a86f450a68e6",
    "https://esm.sh/compressible@2.0.18": "e5e0d8f667ebc71806ee505dfe5cb551544542fcb18ccb56b3e7953866d713d0",
    "https://esm.sh/v111/compressible@2.0.18/deno/compressible.js": "a84fc9f5a57dc7b7e97086a10de2d19152131857ef43e87cc5a4ae0bab408095",
    "https://esm.sh/v111/mime-db@1.52.0/deno/mime-db.js": "f2f8113affb36dba3cfbb74f43416dd3559dd13bdbf98d654f41eb50349b9385"
  }
}
