{
  "version": "2",
  "remote": {
    "https://deno.land/std@0.178.0/fmt/colors.ts": "938c5d44d889fb82eff6c358bea8baa7e85950a16c9f6dae3ec3a7a729164471",
    "https://deno.land/std@0.178.0/testing/_diff.ts": "1a3c044aedf77647d6cac86b798c6417603361b66b54c53331b312caeb447aea",
    "https://deno.land/std@0.178.0/testing/_format.ts": "a69126e8a469009adf4cf2a50af889aca364c349797e63174884a52ff75cf4c7",
    "https://deno.land/std@0.178.0/testing/asserts.ts": "984ab0bfb3faeed92ffaa3a6b06536c66811185328c5dd146257c702c41b01ab",
    "https://deno.land/std@0.181.0/fmt/colors.ts": "d67e3cd9f472535241a8e410d33423980bec45047e343577554d3356e1f0ef4e",
    "https://deno.land/std@0.181.0/http/_negotiation/common.ts": "14d1a52427ab258a4b7161cd80e1d8a207b7cc64b46e911780f57ead5f4323c6",
    "https://deno.land/std@0.181.0/http/_negotiation/encoding.ts": "ff747d107277c88cb7a6a62a08eeb8d56dad91564cbcccb30694d5dc126dcc53",
    "https://deno.land/std@0.181.0/http/_negotiation/language.ts": "7bcddd8db3330bdb7ce4fc00a213c5547c1968139864201efd67ef2d0d51887d",
    "https://deno.land/std@0.181.0/http/_negotiation/media_type.ts": "58847517cd549384ad677c0fe89e0a4815be36fe7a303ea63cee5f6a1d7e1692",
    "https://deno.land/std@0.181.0/http/negotiation.ts": "46e74a6bad4b857333a58dc5b50fe8e5a4d5267e97292293ea65f980bd918086",
    "https://deno.land/std@0.181.0/media_types/_db.ts": "7606d83e31f23ce1a7968cbaee852810c2cf477903a095696cdc62eaab7ce570",
    "https://deno.land/std@0.181.0/media_types/_util.ts": "916efbd30b6148a716f110e67a4db29d6949bf4048997b754415dd7e42c52378",
    "https://deno.land/std@0.181.0/media_types/content_type.ts": "ad98a5aa2d95f5965b2796072284258710a25e520952376ed432b0937ce743bc",
    "https://deno.land/std@0.181.0/media_types/extension.ts": "a7cd28c9417143387cdfed27d4e8607ebcf5b1ec27eb8473d5b000144689fe65",
    "https://deno.land/std@0.181.0/media_types/extensions_by_type.ts": "43806d6a52a0d6d965ada9d20e60a982feb40bc7a82268178d94edb764694fed",
    "https://deno.land/std@0.181.0/media_types/format_media_type.ts": "f5e1073c05526a6f5a516ac5c5587a1abd043bf1039c71cde1166aa4328c8baf",
    "https://deno.land/std@0.181.0/media_types/get_charset.ts": "18b88274796fda5d353806bf409eb1d2ddb3f004eb4bd311662c4cdd8ac173db",
    "https://deno.land/std@0.181.0/media_types/mod.ts": "d3f0b99f85053bc0b98ecc24eaa3546dfa09b856dc0bbaf60d8956d2cdd710c8",
    "https://deno.land/std@0.181.0/media_types/parse_media_type.ts": "835c4112e1357e95b4f10d7cdea5ae1801967e444f48673ff8f1cb4d32af9920",
    "https://deno.land/std@0.181.0/media_types/type_by_extension.ts": "daa801eb0f11cdf199445d0f1b656cf116d47dcf9e5b85cc1e6b4469f5ee0432",
    "https://deno.land/std@0.181.0/media_types/vendor/mime-db.v1.52.0.ts": "6925bbcae81ca37241e3f55908d0505724358cda3384eaea707773b2c7e99586",
    "https://deno.land/std@0.181.0/testing/_diff.ts": "1a3c044aedf77647d6cac86b798c6417603361b66b54c53331b312caeb447aea",
    "https://deno.land/std@0.181.0/testing/_format.ts": "a69126e8a469009adf4cf2a50af889aca364c349797e63174884a52ff75cf4c7",
    "https://deno.land/std@0.181.0/testing/_test_suite.ts": "30f018feeb3835f12ab198d8a518f9089b1bcb2e8c838a8b615ab10d5005465c",
    "https://deno.land/std@0.181.0/testing/asserts.ts": "e16d98b4d73ffc4ed498d717307a12500ae4f2cbe668f1a215632d19fcffc22f",
    "https://deno.land/std@0.181.0/testing/bdd.ts": "c5ca6d85940dbcc19b4d2bc3608d49ab65d81470aa91306d5efa4b0d5c945731",
    "https://deno.land/std@0.181.0/testing/mock.ts": "220ed9b8151cb2cac141043d4cfea7c47673fab5d18d1c1f0943297c8afb5d13",
    "https://deno.land/x/http_middleware@1.0.0/mod.ts": "a3b0809ce37f80568c362003a5b281564882b64dba53e12bf5a8f1e2b6bfc19e",
    "https://deno.land/x/http_middleware@1.0.0/types.ts": "9a40ebea7f906d7518f5765c7a633f5610ac4ebedb583b0c69395643c350f4d3",
    "https://deno.land/x/http_utils@1.0.0/_utils.ts": "f253eab4365b399affc617a5230d6f8a10c69da0bee793c08d7d66902cad0a22",
    "https://deno.land/x/http_utils@1.0.0/deps.ts": "77dc91cb7318000b799e5eadd2dbece27d05f1ec410bd285d3c50956795106ad",
    "https://deno.land/x/http_utils@1.0.0/header.ts": "28b18228607d9cbd4d639c5e4b9a989287b24a5dd0c928be73e89e7522b6cc0f",
    "https://deno.land/x/http_utils@1.0.0/response.ts": "2c1d1492170ba8ad165149c53127ea5b907b68d3ab2ee1358bf21c1dccff5d06",
    "https://deno.land/x/isx@1.1.1/is_function.ts": "2342e0c44b472f3f39af892049ca28ce63141e3bab9d436da42e3714ddcbd9e3",
    "https://deno.land/x/isx@1.1.1/is_iterable.ts": "1b40711736a8f107853ad3a340e6a5a414fa632f601ca4b981e8973cb8e43247",
    "https://deno.land/x/isx@1.1.1/is_null.ts": "02b30255073843d001e715a04382f1d6aebd77ed5506ffbb44bf77b9e20ebf7d",
    "https://deno.land/x/vary@1.0.0/mod.ts": "e7c452694b21336419f16e0891f8ea503adaafc7bde956fb29e1a86f450a68e6",
    "https://esm.sh/compressible@2.0.18?pin=v111": "e41f8cb14fc8c2e957351a8e7149f2085c63f2cfb2b9ab4e07386a87cb04db93",
    "https://esm.sh/v111/compressible@2.0.18/deno/compressible.mjs": "f0d5085c61a5aaea8f843ebca57c17990901a0b49fa0ff5c9e6befc94c1629b4",
    "https://esm.sh/v111/mime-db@1.52.0/deno/mime-db.mjs": "abb3ba835f53afaa91f6a60b7241f971b345145a189d3f752b598a42b1fd1644"
  }
}
